
Microsoft Visual Studio Solution File, Format Version 12.00
# Visual Studio Version 16
VisualStudioVersion = 16.0.29009.5
MinimumVisualStudioVersion = 10.0.40219.1
Project("{9A19103F-16F7-4668-BE54-9A1E7A4F7556}") = "eOrder.WebApi", "eOrder.API\eOrder.WebApi.csproj", "{7E3A0C23-BA03-423E-A066-62D8FE5B3ED6}"
EndProject
Project("{9A19103F-16F7-4668-BE54-9A1E7A4F7556}") = "eOrder.DAL", "eOrder.DAL\eOrder.DAL.csproj", "{E35BC703-D2CC-4638-8CA9-2C3A181B4B8E}"
EndProject
Project("{2150E333-8FDC-42A3-9474-1A3956D46DE8}") = "UI", "UI", "{95F294A9-B8A9-495D-B43B-897E27489BA8}"
EndProject
Project("{FAE04EC0-301F-11D3-BF4B-00C04F79EFBC}") = "eOrder.Win", "eOrder.Win\eOrder.Win.csproj", "{CE00EF71-72BD-4E72-BF58-EC899AA1B99D}"
EndProject
Project("{2150E333-8FDC-42A3-9474-1A3956D46DE8}") = "Mobile", "Mobile", "{9BAFB7A6-27A4-4684-BE69-27B1E23F95F4}"
EndProject
Project("{9A19103F-16F7-4668-BE54-9A1E7A4F7556}") = "eOrder.CORE", "eOrder.CORE\eOrder.CORE.csproj", "{1AC3A04F-9FE4-414A-BAE3-940901786ED2}"
EndProject
Project("{FAE04EC0-301F-11D3-BF4B-00C04F79EFBC}") = "eOrder.Mobile.UWP", "eOrder.Mobile\eOrder.Mobile.UWP\eOrder.Mobile.UWP.csproj", "{219442D0-7998-4B6C-8889-F67622C7548A}"
EndProject
Project("{FAE04EC0-301F-11D3-BF4B-00C04F79EFBC}") = "eOrder.Mobile.Android", "eOrder.Mobile\eOrder.Mobile.Android\eOrder.Mobile.Android.csproj", "{87277702-34FC-481E-A1C8-A9559EFDCEB1}"
EndProject
Project("{FAE04EC0-301F-11D3-BF4B-00C04F79EFBC}") = "eOrder.Mobile.iOS", "eOrder.Mobile\eOrder.Mobile.iOS\eOrder.Mobile.iOS.csproj", "{B234DF09-3E90-46F0-AEFB-0CFC79E79A49}"
EndProject
Project("{9A19103F-16F7-4668-BE54-9A1E7A4F7556}") = "eOrder.Mobile", "eOrder.Mobile\eOrder.Mobile\eOrder.Mobile.csproj", "{8DEB6B75-A043-47ED-AE67-01DA737EDB5A}"
EndProject
Global
	GlobalSection(SolutionConfigurationPlatforms) = preSolution
		Ad-Hoc|Any CPU = Ad-Hoc|Any CPU
		Ad-Hoc|ARM = Ad-Hoc|ARM
		Ad-Hoc|iPhone = Ad-Hoc|iPhone
		Ad-Hoc|iPhoneSimulator = Ad-Hoc|iPhoneSimulator
		Ad-Hoc|x64 = Ad-Hoc|x64
		Ad-Hoc|x86 = Ad-Hoc|x86
		AppStore|Any CPU = AppStore|Any CPU
		AppStore|ARM = AppStore|ARM
		AppStore|iPhone = AppStore|iPhone
		AppStore|iPhoneSimulator = AppStore|iPhoneSimulator
		AppStore|x64 = AppStore|x64
		AppStore|x86 = AppStore|x86
		Debug|Any CPU = Debug|Any CPU
		Debug|ARM = Debug|ARM
		Debug|iPhone = Debug|iPhone
		Debug|iPhoneSimulator = Debug|iPhoneSimulator
		Debug|x64 = Debug|x64
		Debug|x86 = Debug|x86
		Release|Any CPU = Release|Any CPU
		Release|ARM = Release|ARM
		Release|iPhone = Release|iPhone
		Release|iPhoneSimulator = Release|iPhoneSimulator
		Release|x64 = Release|x64
		Release|x86 = Release|x86
	EndGlobalSection
	GlobalSection(ProjectConfigurationPlatforms) = postSolution
		{7E3A0C23-BA03-423E-A066-62D8FE5B3ED6}.Ad-Hoc|Any CPU.ActiveCfg = Release|Any CPU
		{7E3A0C23-BA03-423E-A066-62D8FE5B3ED6}.Ad-Hoc|Any CPU.Build.0 = Release|Any CPU
		{7E3A0C23-BA03-423E-A066-62D8FE5B3ED6}.Ad-Hoc|ARM.ActiveCfg = Release|Any CPU
		{7E3A0C23-BA03-423E-A066-62D8FE5B3ED6}.Ad-Hoc|ARM.Build.0 = Release|Any CPU
		{7E3A0C23-BA03-423E-A066-62D8FE5B3ED6}.Ad-Hoc|iPhone.ActiveCfg = Release|Any CPU
		{7E3A0C23-BA03-423E-A066-62D8FE5B3ED6}.Ad-Hoc|iPhone.Build.0 = Release|Any CPU
		{7E3A0C23-BA03-423E-A066-62D8FE5B3ED6}.Ad-Hoc|iPhoneSimulator.ActiveCfg = Release|Any CPU
		{7E3A0C23-BA03-423E-A066-62D8FE5B3ED6}.Ad-Hoc|iPhoneSimulator.Build.0 = Release|Any CPU
		{7E3A0C23-BA03-423E-A066-62D8FE5B3ED6}.Ad-Hoc|x64.ActiveCfg = Release|Any CPU
		{7E3A0C23-BA03-423E-A066-62D8FE5B3ED6}.Ad-Hoc|x64.Build.0 = Release|Any CPU
		{7E3A0C23-BA03-423E-A066-62D8FE5B3ED6}.Ad-Hoc|x86.ActiveCfg = Release|Any CPU
		{7E3A0C23-BA03-423E-A066-62D8FE5B3ED6}.Ad-Hoc|x86.Build.0 = Release|Any CPU
		{7E3A0C23-BA03-423E-A066-62D8FE5B3ED6}.AppStore|Any CPU.ActiveCfg = Release|Any CPU
		{7E3A0C23-BA03-423E-A066-62D8FE5B3ED6}.AppStore|Any CPU.Build.0 = Release|Any CPU
		{7E3A0C23-BA03-423E-A066-62D8FE5B3ED6}.AppStore|ARM.ActiveCfg = Release|Any CPU
		{7E3A0C23-BA03-423E-A066-62D8FE5B3ED6}.AppStore|ARM.Build.0 = Release|Any CPU
		{7E3A0C23-BA03-423E-A066-62D8FE5B3ED6}.AppStore|iPhone.ActiveCfg = Release|Any CPU
		{7E3A0C23-BA03-423E-A066-62D8FE5B3ED6}.AppStore|iPhone.Build.0 = Release|Any CPU
		{7E3A0C23-BA03-423E-A066-62D8FE5B3ED6}.AppStore|iPhoneSimulator.ActiveCfg = Release|Any CPU
		{7E3A0C23-BA03-423E-A066-62D8FE5B3ED6}.AppStore|iPhoneSimulator.Build.0 = Release|Any CPU
		{7E3A0C23-BA03-423E-A066-62D8FE5B3ED6}.AppStore|x64.ActiveCfg = Release|Any CPU
		{7E3A0C23-BA03-423E-A066-62D8FE5B3ED6}.AppStore|x64.Build.0 = Release|Any CPU
		{7E3A0C23-BA03-423E-A066-62D8FE5B3ED6}.AppStore|x86.ActiveCfg = Release|Any CPU
		{7E3A0C23-BA03-423E-A066-62D8FE5B3ED6}.AppStore|x86.Build.0 = Release|Any CPU
		{7E3A0C23-BA03-423E-A066-62D8FE5B3ED6}.Debug|Any CPU.ActiveCfg = Debug|Any CPU
		{7E3A0C23-BA03-423E-A066-62D8FE5B3ED6}.Debug|Any CPU.Build.0 = Debug|Any CPU
		{7E3A0C23-BA03-423E-A066-62D8FE5B3ED6}.Debug|ARM.ActiveCfg = Debug|Any CPU
		{7E3A0C23-BA03-423E-A066-62D8FE5B3ED6}.Debug|ARM.Build.0 = Debug|Any CPU
		{7E3A0C23-BA03-423E-A066-62D8FE5B3ED6}.Debug|iPhone.ActiveCfg = Debug|Any CPU
		{7E3A0C23-BA03-423E-A066-62D8FE5B3ED6}.Debug|iPhone.Build.0 = Debug|Any CPU
		{7E3A0C23-BA03-423E-A066-62D8FE5B3ED6}.Debug|iPhoneSimulator.ActiveCfg = Debug|Any CPU
		{7E3A0C23-BA03-423E-A066-62D8FE5B3ED6}.Debug|iPhoneSimulator.Build.0 = Debug|Any CPU
		{7E3A0C23-BA03-423E-A066-62D8FE5B3ED6}.Debug|x64.ActiveCfg = Debug|Any CPU
		{7E3A0C23-BA03-423E-A066-62D8FE5B3ED6}.Debug|x64.Build.0 = Debug|Any CPU
		{7E3A0C23-BA03-423E-A066-62D8FE5B3ED6}.Debug|x86.ActiveCfg = Debug|Any CPU
		{7E3A0C23-BA03-423E-A066-62D8FE5B3ED6}.Debug|x86.Build.0 = Debug|Any CPU
		{7E3A0C23-BA03-423E-A066-62D8FE5B3ED6}.Release|Any CPU.ActiveCfg = Release|Any CPU
		{7E3A0C23-BA03-423E-A066-62D8FE5B3ED6}.Release|Any CPU.Build.0 = Release|Any CPU
		{7E3A0C23-BA03-423E-A066-62D8FE5B3ED6}.Release|ARM.ActiveCfg = Release|Any CPU
		{7E3A0C23-BA03-423E-A066-62D8FE5B3ED6}.Release|ARM.Build.0 = Release|Any CPU
		{7E3A0C23-BA03-423E-A066-62D8FE5B3ED6}.Release|iPhone.ActiveCfg = Release|Any CPU
		{7E3A0C23-BA03-423E-A066-62D8FE5B3ED6}.Release|iPhone.Build.0 = Release|Any CPU
		{7E3A0C23-BA03-423E-A066-62D8FE5B3ED6}.Release|iPhoneSimulator.ActiveCfg = Release|Any CPU
		{7E3A0C23-BA03-423E-A066-62D8FE5B3ED6}.Release|iPhoneSimulator.Build.0 = Release|Any CPU
		{7E3A0C23-BA03-423E-A066-62D8FE5B3ED6}.Release|x64.ActiveCfg = Release|Any CPU
		{7E3A0C23-BA03-423E-A066-62D8FE5B3ED6}.Release|x64.Build.0 = Release|Any CPU
		{7E3A0C23-BA03-423E-A066-62D8FE5B3ED6}.Release|x86.ActiveCfg = Release|Any CPU
		{7E3A0C23-BA03-423E-A066-62D8FE5B3ED6}.Release|x86.Build.0 = Release|Any CPU
		{E35BC703-D2CC-4638-8CA9-2C3A181B4B8E}.Ad-Hoc|Any CPU.ActiveCfg = Release|Any CPU
		{E35BC703-D2CC-4638-8CA9-2C3A181B4B8E}.Ad-Hoc|Any CPU.Build.0 = Release|Any CPU
		{E35BC703-D2CC-4638-8CA9-2C3A181B4B8E}.Ad-Hoc|ARM.ActiveCfg = Release|Any CPU
		{E35BC703-D2CC-4638-8CA9-2C3A181B4B8E}.Ad-Hoc|ARM.Build.0 = Release|Any CPU
		{E35BC703-D2CC-4638-8CA9-2C3A181B4B8E}.Ad-Hoc|iPhone.ActiveCfg = Release|Any CPU
		{E35BC703-D2CC-4638-8CA9-2C3A181B4B8E}.Ad-Hoc|iPhone.Build.0 = Release|Any CPU
		{E35BC703-D2CC-4638-8CA9-2C3A181B4B8E}.Ad-Hoc|iPhoneSimulator.ActiveCfg = Release|Any CPU
		{E35BC703-D2CC-4638-8CA9-2C3A181B4B8E}.Ad-Hoc|iPhoneSimulator.Build.0 = Release|Any CPU
		{E35BC703-D2CC-4638-8CA9-2C3A181B4B8E}.Ad-Hoc|x64.ActiveCfg = Release|Any CPU
		{E35BC703-D2CC-4638-8CA9-2C3A181B4B8E}.Ad-Hoc|x64.Build.0 = Release|Any CPU
		{E35BC703-D2CC-4638-8CA9-2C3A181B4B8E}.Ad-Hoc|x86.ActiveCfg = Release|Any CPU
		{E35BC703-D2CC-4638-8CA9-2C3A181B4B8E}.Ad-Hoc|x86.Build.0 = Release|Any CPU
		{E35BC703-D2CC-4638-8CA9-2C3A181B4B8E}.AppStore|Any CPU.ActiveCfg = Release|Any CPU
		{E35BC703-D2CC-4638-8CA9-2C3A181B4B8E}.AppStore|Any CPU.Build.0 = Release|Any CPU
		{E35BC703-D2CC-4638-8CA9-2C3A181B4B8E}.AppStore|ARM.ActiveCfg = Release|Any CPU
		{E35BC703-D2CC-4638-8CA9-2C3A181B4B8E}.AppStore|ARM.Build.0 = Release|Any CPU
		{E35BC703-D2CC-4638-8CA9-2C3A181B4B8E}.AppStore|iPhone.ActiveCfg = Release|Any CPU
		{E35BC703-D2CC-4638-8CA9-2C3A181B4B8E}.AppStore|iPhone.Build.0 = Release|Any CPU
		{E35BC703-D2CC-4638-8CA9-2C3A181B4B8E}.AppStore|iPhoneSimulator.ActiveCfg = Release|Any CPU
		{E35BC703-D2CC-4638-8CA9-2C3A181B4B8E}.AppStore|iPhoneSimulator.Build.0 = Release|Any CPU
		{E35BC703-D2CC-4638-8CA9-2C3A181B4B8E}.AppStore|x64.ActiveCfg = Release|Any CPU
		{E35BC703-D2CC-4638-8CA9-2C3A181B4B8E}.AppStore|x64.Build.0 = Release|Any CPU
		{E35BC703-D2CC-4638-8CA9-2C3A181B4B8E}.AppStore|x86.ActiveCfg = Release|Any CPU
		{E35BC703-D2CC-4638-8CA9-2C3A181B4B8E}.AppStore|x86.Build.0 = Release|Any CPU
		{E35BC703-D2CC-4638-8CA9-2C3A181B4B8E}.Debug|Any CPU.ActiveCfg = Debug|Any CPU
		{E35BC703-D2CC-4638-8CA9-2C3A181B4B8E}.Debug|Any CPU.Build.0 = Debug|Any CPU
		{E35BC703-D2CC-4638-8CA9-2C3A181B4B8E}.Debug|ARM.ActiveCfg = Debug|Any CPU
		{E35BC703-D2CC-4638-8CA9-2C3A181B4B8E}.Debug|ARM.Build.0 = Debug|Any CPU
		{E35BC703-D2CC-4638-8CA9-2C3A181B4B8E}.Debug|iPhone.ActiveCfg = Debug|Any CPU
		{E35BC703-D2CC-4638-8CA9-2C3A181B4B8E}.Debug|iPhone.Build.0 = Debug|Any CPU
		{E35BC703-D2CC-4638-8CA9-2C3A181B4B8E}.Debug|iPhoneSimulator.ActiveCfg = Debug|Any CPU
		{E35BC703-D2CC-4638-8CA9-2C3A181B4B8E}.Debug|iPhoneSimulator.Build.0 = Debug|Any CPU
		{E35BC703-D2CC-4638-8CA9-2C3A181B4B8E}.Debug|x64.ActiveCfg = Debug|Any CPU
		{E35BC703-D2CC-4638-8CA9-2C3A181B4B8E}.Debug|x64.Build.0 = Debug|Any CPU
		{E35BC703-D2CC-4638-8CA9-2C3A181B4B8E}.Debug|x86.ActiveCfg = Debug|Any CPU
		{E35BC703-D2CC-4638-8CA9-2C3A181B4B8E}.Debug|x86.Build.0 = Debug|Any CPU
		{E35BC703-D2CC-4638-8CA9-2C3A181B4B8E}.Release|Any CPU.ActiveCfg = Release|Any CPU
		{E35BC703-D2CC-4638-8CA9-2C3A181B4B8E}.Release|Any CPU.Build.0 = Release|Any CPU
		{E35BC703-D2CC-4638-8CA9-2C3A181B4B8E}.Release|ARM.ActiveCfg = Release|Any CPU
		{E35BC703-D2CC-4638-8CA9-2C3A181B4B8E}.Release|ARM.Build.0 = Release|Any CPU
		{E35BC703-D2CC-4638-8CA9-2C3A181B4B8E}.Release|iPhone.ActiveCfg = Release|Any CPU
		{E35BC703-D2CC-4638-8CA9-2C3A181B4B8E}.Release|iPhone.Build.0 = Release|Any CPU
		{E35BC703-D2CC-4638-8CA9-2C3A181B4B8E}.Release|iPhoneSimulator.ActiveCfg = Release|Any CPU
		{E35BC703-D2CC-4638-8CA9-2C3A181B4B8E}.Release|iPhoneSimulator.Build.0 = Release|Any CPU
		{E35BC703-D2CC-4638-8CA9-2C3A181B4B8E}.Release|x64.ActiveCfg = Release|Any CPU
		{E35BC703-D2CC-4638-8CA9-2C3A181B4B8E}.Release|x64.Build.0 = Release|Any CPU
		{E35BC703-D2CC-4638-8CA9-2C3A181B4B8E}.Release|x86.ActiveCfg = Release|Any CPU
		{E35BC703-D2CC-4638-8CA9-2C3A181B4B8E}.Release|x86.Build.0 = Release|Any CPU
		{CE00EF71-72BD-4E72-BF58-EC899AA1B99D}.Ad-Hoc|Any CPU.ActiveCfg = Release|Any CPU
		{CE00EF71-72BD-4E72-BF58-EC899AA1B99D}.Ad-Hoc|Any CPU.Build.0 = Release|Any CPU
		{CE00EF71-72BD-4E72-BF58-EC899AA1B99D}.Ad-Hoc|ARM.ActiveCfg = Release|Any CPU
		{CE00EF71-72BD-4E72-BF58-EC899AA1B99D}.Ad-Hoc|ARM.Build.0 = Release|Any CPU
		{CE00EF71-72BD-4E72-BF58-EC899AA1B99D}.Ad-Hoc|iPhone.ActiveCfg = Release|Any CPU
		{CE00EF71-72BD-4E72-BF58-EC899AA1B99D}.Ad-Hoc|iPhone.Build.0 = Release|Any CPU
		{CE00EF71-72BD-4E72-BF58-EC899AA1B99D}.Ad-Hoc|iPhoneSimulator.ActiveCfg = Release|Any CPU
		{CE00EF71-72BD-4E72-BF58-EC899AA1B99D}.Ad-Hoc|iPhoneSimulator.Build.0 = Release|Any CPU
		{CE00EF71-72BD-4E72-BF58-EC899AA1B99D}.Ad-Hoc|x64.ActiveCfg = Release|Any CPU
		{CE00EF71-72BD-4E72-BF58-EC899AA1B99D}.Ad-Hoc|x64.Build.0 = Release|Any CPU
		{CE00EF71-72BD-4E72-BF58-EC899AA1B99D}.Ad-Hoc|x86.ActiveCfg = Release|Any CPU
		{CE00EF71-72BD-4E72-BF58-EC899AA1B99D}.Ad-Hoc|x86.Build.0 = Release|Any CPU
		{CE00EF71-72BD-4E72-BF58-EC899AA1B99D}.AppStore|Any CPU.ActiveCfg = Release|Any CPU
		{CE00EF71-72BD-4E72-BF58-EC899AA1B99D}.AppStore|Any CPU.Build.0 = Release|Any CPU
		{CE00EF71-72BD-4E72-BF58-EC899AA1B99D}.AppStore|ARM.ActiveCfg = Release|Any CPU
		{CE00EF71-72BD-4E72-BF58-EC899AA1B99D}.AppStore|ARM.Build.0 = Release|Any CPU
		{CE00EF71-72BD-4E72-BF58-EC899AA1B99D}.AppStore|iPhone.ActiveCfg = Release|Any CPU
		{CE00EF71-72BD-4E72-BF58-EC899AA1B99D}.AppStore|iPhone.Build.0 = Release|Any CPU
		{CE00EF71-72BD-4E72-BF58-EC899AA1B99D}.AppStore|iPhoneSimulator.ActiveCfg = Release|Any CPU
		{CE00EF71-72BD-4E72-BF58-EC899AA1B99D}.AppStore|iPhoneSimulator.Build.0 = Release|Any CPU
		{CE00EF71-72BD-4E72-BF58-EC899AA1B99D}.AppStore|x64.ActiveCfg = Release|Any CPU
		{CE00EF71-72BD-4E72-BF58-EC899AA1B99D}.AppStore|x64.Build.0 = Release|Any CPU
		{CE00EF71-72BD-4E72-BF58-EC899AA1B99D}.AppStore|x86.ActiveCfg = Release|Any CPU
		{CE00EF71-72BD-4E72-BF58-EC899AA1B99D}.AppStore|x86.Build.0 = Release|Any CPU
		{CE00EF71-72BD-4E72-BF58-EC899AA1B99D}.Debug|Any CPU.ActiveCfg = Debug|Any CPU
		{CE00EF71-72BD-4E72-BF58-EC899AA1B99D}.Debug|Any CPU.Build.0 = Debug|Any CPU
		{CE00EF71-72BD-4E72-BF58-EC899AA1B99D}.Debug|ARM.ActiveCfg = Debug|Any CPU
		{CE00EF71-72BD-4E72-BF58-EC899AA1B99D}.Debug|ARM.Build.0 = Debug|Any CPU
		{CE00EF71-72BD-4E72-BF58-EC899AA1B99D}.Debug|iPhone.ActiveCfg = Debug|Any CPU
		{CE00EF71-72BD-4E72-BF58-EC899AA1B99D}.Debug|iPhone.Build.0 = Debug|Any CPU
		{CE00EF71-72BD-4E72-BF58-EC899AA1B99D}.Debug|iPhoneSimulator.ActiveCfg = Debug|Any CPU
		{CE00EF71-72BD-4E72-BF58-EC899AA1B99D}.Debug|iPhoneSimulator.Build.0 = Debug|Any CPU
		{CE00EF71-72BD-4E72-BF58-EC899AA1B99D}.Debug|x64.ActiveCfg = Debug|Any CPU
		{CE00EF71-72BD-4E72-BF58-EC899AA1B99D}.Debug|x64.Build.0 = Debug|Any CPU
		{CE00EF71-72BD-4E72-BF58-EC899AA1B99D}.Debug|x86.ActiveCfg = Debug|Any CPU
		{CE00EF71-72BD-4E72-BF58-EC899AA1B99D}.Debug|x86.Build.0 = Debug|Any CPU
		{CE00EF71-72BD-4E72-BF58-EC899AA1B99D}.Release|Any CPU.ActiveCfg = Release|Any CPU
		{CE00EF71-72BD-4E72-BF58-EC899AA1B99D}.Release|Any CPU.Build.0 = Release|Any CPU
		{CE00EF71-72BD-4E72-BF58-EC899AA1B99D}.Release|ARM.ActiveCfg = Release|Any CPU
		{CE00EF71-72BD-4E72-BF58-EC899AA1B99D}.Release|ARM.Build.0 = Release|Any CPU
		{CE00EF71-72BD-4E72-BF58-EC899AA1B99D}.Release|iPhone.ActiveCfg = Release|Any CPU
		{CE00EF71-72BD-4E72-BF58-EC899AA1B99D}.Release|iPhone.Build.0 = Release|Any CPU
		{CE00EF71-72BD-4E72-BF58-EC899AA1B99D}.Release|iPhoneSimulator.ActiveCfg = Release|Any CPU
		{CE00EF71-72BD-4E72-BF58-EC899AA1B99D}.Release|iPhoneSimulator.Build.0 = Release|Any CPU
		{CE00EF71-72BD-4E72-BF58-EC899AA1B99D}.Release|x64.ActiveCfg = Release|Any CPU
		{CE00EF71-72BD-4E72-BF58-EC899AA1B99D}.Release|x64.Build.0 = Release|Any CPU
		{CE00EF71-72BD-4E72-BF58-EC899AA1B99D}.Release|x86.ActiveCfg = Release|Any CPU
		{CE00EF71-72BD-4E72-BF58-EC899AA1B99D}.Release|x86.Build.0 = Release|Any CPU
		{1AC3A04F-9FE4-414A-BAE3-940901786ED2}.Ad-Hoc|Any CPU.ActiveCfg = Debug|Any CPU
		{1AC3A04F-9FE4-414A-BAE3-940901786ED2}.Ad-Hoc|Any CPU.Build.0 = Debug|Any CPU
		{1AC3A04F-9FE4-414A-BAE3-940901786ED2}.Ad-Hoc|ARM.ActiveCfg = Debug|Any CPU
		{1AC3A04F-9FE4-414A-BAE3-940901786ED2}.Ad-Hoc|ARM.Build.0 = Debug|Any CPU
		{1AC3A04F-9FE4-414A-BAE3-940901786ED2}.Ad-Hoc|iPhone.ActiveCfg = Debug|Any CPU
		{1AC3A04F-9FE4-414A-BAE3-940901786ED2}.Ad-Hoc|iPhone.Build.0 = Debug|Any CPU
		{1AC3A04F-9FE4-414A-BAE3-940901786ED2}.Ad-Hoc|iPhoneSimulator.ActiveCfg = Debug|Any CPU
		{1AC3A04F-9FE4-414A-BAE3-940901786ED2}.Ad-Hoc|iPhoneSimulator.Build.0 = Debug|Any CPU
		{1AC3A04F-9FE4-414A-BAE3-940901786ED2}.Ad-Hoc|x64.ActiveCfg = Debug|Any CPU
		{1AC3A04F-9FE4-414A-BAE3-940901786ED2}.Ad-Hoc|x64.Build.0 = Debug|Any CPU
		{1AC3A04F-9FE4-414A-BAE3-940901786ED2}.Ad-Hoc|x86.ActiveCfg = Debug|Any CPU
		{1AC3A04F-9FE4-414A-BAE3-940901786ED2}.Ad-Hoc|x86.Build.0 = Debug|Any CPU
		{1AC3A04F-9FE4-414A-BAE3-940901786ED2}.AppStore|Any CPU.ActiveCfg = Debug|Any CPU
		{1AC3A04F-9FE4-414A-BAE3-940901786ED2}.AppStore|Any CPU.Build.0 = Debug|Any CPU
		{1AC3A04F-9FE4-414A-BAE3-940901786ED2}.AppStore|ARM.ActiveCfg = Debug|Any CPU
		{1AC3A04F-9FE4-414A-BAE3-940901786ED2}.AppStore|ARM.Build.0 = Debug|Any CPU
		{1AC3A04F-9FE4-414A-BAE3-940901786ED2}.AppStore|iPhone.ActiveCfg = Debug|Any CPU
		{1AC3A04F-9FE4-414A-BAE3-940901786ED2}.AppStore|iPhone.Build.0 = Debug|Any CPU
		{1AC3A04F-9FE4-414A-BAE3-940901786ED2}.AppStore|iPhoneSimulator.ActiveCfg = Debug|Any CPU
		{1AC3A04F-9FE4-414A-BAE3-940901786ED2}.AppStore|iPhoneSimulator.Build.0 = Debug|Any CPU
		{1AC3A04F-9FE4-414A-BAE3-940901786ED2}.AppStore|x64.ActiveCfg = Debug|Any CPU
		{1AC3A04F-9FE4-414A-BAE3-940901786ED2}.AppStore|x64.Build.0 = Debug|Any CPU
		{1AC3A04F-9FE4-414A-BAE3-940901786ED2}.AppStore|x86.ActiveCfg = Debug|Any CPU
		{1AC3A04F-9FE4-414A-BAE3-940901786ED2}.AppStore|x86.Build.0 = Debug|Any CPU
		{1AC3A04F-9FE4-414A-BAE3-940901786ED2}.Debug|Any CPU.ActiveCfg = Debug|Any CPU
		{1AC3A04F-9FE4-414A-BAE3-940901786ED2}.Debug|Any CPU.Build.0 = Debug|Any CPU
		{1AC3A04F-9FE4-414A-BAE3-940901786ED2}.Debug|ARM.ActiveCfg = Debug|Any CPU
		{1AC3A04F-9FE4-414A-BAE3-940901786ED2}.Debug|ARM.Build.0 = Debug|Any CPU
		{1AC3A04F-9FE4-414A-BAE3-940901786ED2}.Debug|iPhone.ActiveCfg = Debug|Any CPU
		{1AC3A04F-9FE4-414A-BAE3-940901786ED2}.Debug|iPhone.Build.0 = Debug|Any CPU
		{1AC3A04F-9FE4-414A-BAE3-940901786ED2}.Debug|iPhoneSimulator.ActiveCfg = Debug|Any CPU
		{1AC3A04F-9FE4-414A-BAE3-940901786ED2}.Debug|iPhoneSimulator.Build.0 = Debug|Any CPU
		{1AC3A04F-9FE4-414A-BAE3-940901786ED2}.Debug|x64.ActiveCfg = Debug|Any CPU
		{1AC3A04F-9FE4-414A-BAE3-940901786ED2}.Debug|x64.Build.0 = Debug|Any CPU
		{1AC3A04F-9FE4-414A-BAE3-940901786ED2}.Debug|x86.ActiveCfg = Debug|Any CPU
		{1AC3A04F-9FE4-414A-BAE3-940901786ED2}.Debug|x86.Build.0 = Debug|Any CPU
		{1AC3A04F-9FE4-414A-BAE3-940901786ED2}.Release|Any CPU.ActiveCfg = Release|Any CPU
		{1AC3A04F-9FE4-414A-BAE3-940901786ED2}.Release|Any CPU.Build.0 = Release|Any CPU
		{1AC3A04F-9FE4-414A-BAE3-940901786ED2}.Release|ARM.ActiveCfg = Release|Any CPU
		{1AC3A04F-9FE4-414A-BAE3-940901786ED2}.Release|ARM.Build.0 = Release|Any CPU
		{1AC3A04F-9FE4-414A-BAE3-940901786ED2}.Release|iPhone.ActiveCfg = Release|Any CPU
		{1AC3A04F-9FE4-414A-BAE3-940901786ED2}.Release|iPhone.Build.0 = Release|Any CPU
		{1AC3A04F-9FE4-414A-BAE3-940901786ED2}.Release|iPhoneSimulator.ActiveCfg = Release|Any CPU
		{1AC3A04F-9FE4-414A-BAE3-940901786ED2}.Release|iPhoneSimulator.Build.0 = Release|Any CPU
		{1AC3A04F-9FE4-414A-BAE3-940901786ED2}.Release|x64.ActiveCfg = Release|Any CPU
		{1AC3A04F-9FE4-414A-BAE3-940901786ED2}.Release|x64.Build.0 = Release|Any CPU
		{1AC3A04F-9FE4-414A-BAE3-940901786ED2}.Release|x86.ActiveCfg = Release|Any CPU
		{1AC3A04F-9FE4-414A-BAE3-940901786ED2}.Release|x86.Build.0 = Release|Any CPU
		{219442D0-7998-4B6C-8889-F67622C7548A}.Ad-Hoc|Any CPU.ActiveCfg = Release|x86
		{219442D0-7998-4B6C-8889-F67622C7548A}.Ad-Hoc|Any CPU.Build.0 = Release|x86
		{219442D0-7998-4B6C-8889-F67622C7548A}.Ad-Hoc|Any CPU.Deploy.0 = Release|x86
		{219442D0-7998-4B6C-8889-F67622C7548A}.Ad-Hoc|ARM.ActiveCfg = Release|ARM
		{219442D0-7998-4B6C-8889-F67622C7548A}.Ad-Hoc|ARM.Build.0 = Release|ARM
		{219442D0-7998-4B6C-8889-F67622C7548A}.Ad-Hoc|ARM.Deploy.0 = Release|ARM
		{219442D0-7998-4B6C-8889-F67622C7548A}.Ad-Hoc|iPhone.ActiveCfg = Release|x86
		{219442D0-7998-4B6C-8889-F67622C7548A}.Ad-Hoc|iPhone.Build.0 = Release|x86
		{219442D0-7998-4B6C-8889-F67622C7548A}.Ad-Hoc|iPhone.Deploy.0 = Release|x86
		{219442D0-7998-4B6C-8889-F67622C7548A}.Ad-Hoc|iPhoneSimulator.ActiveCfg = Release|x86
		{219442D0-7998-4B6C-8889-F67622C7548A}.Ad-Hoc|iPhoneSimulator.Build.0 = Release|x86
		{219442D0-7998-4B6C-8889-F67622C7548A}.Ad-Hoc|iPhoneSimulator.Deploy.0 = Release|x86
		{219442D0-7998-4B6C-8889-F67622C7548A}.Ad-Hoc|x64.ActiveCfg = Release|x64
		{219442D0-7998-4B6C-8889-F67622C7548A}.Ad-Hoc|x64.Build.0 = Release|x64
		{219442D0-7998-4B6C-8889-F67622C7548A}.Ad-Hoc|x64.Deploy.0 = Release|x64
		{219442D0-7998-4B6C-8889-F67622C7548A}.Ad-Hoc|x86.ActiveCfg = Release|x86
		{219442D0-7998-4B6C-8889-F67622C7548A}.Ad-Hoc|x86.Build.0 = Release|x86
		{219442D0-7998-4B6C-8889-F67622C7548A}.Ad-Hoc|x86.Deploy.0 = Release|x86
		{219442D0-7998-4B6C-8889-F67622C7548A}.AppStore|Any CPU.ActiveCfg = Release|x86
		{219442D0-7998-4B6C-8889-F67622C7548A}.AppStore|Any CPU.Build.0 = Release|x86
		{219442D0-7998-4B6C-8889-F67622C7548A}.AppStore|Any CPU.Deploy.0 = Release|x86
		{219442D0-7998-4B6C-8889-F67622C7548A}.AppStore|ARM.ActiveCfg = Release|ARM
		{219442D0-7998-4B6C-8889-F67622C7548A}.AppStore|ARM.Build.0 = Release|ARM
		{219442D0-7998-4B6C-8889-F67622C7548A}.AppStore|ARM.Deploy.0 = Release|ARM
		{219442D0-7998-4B6C-8889-F67622C7548A}.AppStore|iPhone.ActiveCfg = Release|x86
		{219442D0-7998-4B6C-8889-F67622C7548A}.AppStore|iPhone.Build.0 = Release|x86
		{219442D0-7998-4B6C-8889-F67622C7548A}.AppStore|iPhone.Deploy.0 = Release|x86
		{219442D0-7998-4B6C-8889-F67622C7548A}.AppStore|iPhoneSimulator.ActiveCfg = Release|x86
		{219442D0-7998-4B6C-8889-F67622C7548A}.AppStore|iPhoneSimulator.Build.0 = Release|x86
		{219442D0-7998-4B6C-8889-F67622C7548A}.AppStore|iPhoneSimulator.Deploy.0 = Release|x86
		{219442D0-7998-4B6C-8889-F67622C7548A}.AppStore|x64.ActiveCfg = Release|x64
		{219442D0-7998-4B6C-8889-F67622C7548A}.AppStore|x64.Build.0 = Release|x64
		{219442D0-7998-4B6C-8889-F67622C7548A}.AppStore|x64.Deploy.0 = Release|x64
		{219442D0-7998-4B6C-8889-F67622C7548A}.AppStore|x86.ActiveCfg = Release|x86
		{219442D0-7998-4B6C-8889-F67622C7548A}.AppStore|x86.Build.0 = Release|x86
		{219442D0-7998-4B6C-8889-F67622C7548A}.AppStore|x86.Deploy.0 = Release|x86
		{219442D0-7998-4B6C-8889-F67622C7548A}.Debug|Any CPU.ActiveCfg = Debug|x86
		{219442D0-7998-4B6C-8889-F67622C7548A}.Debug|ARM.ActiveCfg = Debug|ARM
		{219442D0-7998-4B6C-8889-F67622C7548A}.Debug|ARM.Build.0 = Debug|ARM
		{219442D0-7998-4B6C-8889-F67622C7548A}.Debug|ARM.Deploy.0 = Debug|ARM
		{219442D0-7998-4B6C-8889-F67622C7548A}.Debug|iPhone.ActiveCfg = Debug|x86
		{219442D0-7998-4B6C-8889-F67622C7548A}.Debug|iPhoneSimulator.ActiveCfg = Debug|x86
		{219442D0-7998-4B6C-8889-F67622C7548A}.Debug|x64.ActiveCfg = Debug|x64
		{219442D0-7998-4B6C-8889-F67622C7548A}.Debug|x64.Build.0 = Debug|x64
		{219442D0-7998-4B6C-8889-F67622C7548A}.Debug|x64.Deploy.0 = Debug|x64
		{219442D0-7998-4B6C-8889-F67622C7548A}.Debug|x86.ActiveCfg = Debug|x86
		{219442D0-7998-4B6C-8889-F67622C7548A}.Debug|x86.Build.0 = Debug|x86
		{219442D0-7998-4B6C-8889-F67622C7548A}.Debug|x86.Deploy.0 = Debug|x86
		{219442D0-7998-4B6C-8889-F67622C7548A}.Release|Any CPU.ActiveCfg = Release|x86
		{219442D0-7998-4B6C-8889-F67622C7548A}.Release|ARM.ActiveCfg = Release|ARM
		{219442D0-7998-4B6C-8889-F67622C7548A}.Release|ARM.Build.0 = Release|ARM
		{219442D0-7998-4B6C-8889-F67622C7548A}.Release|ARM.Deploy.0 = Release|ARM
		{219442D0-7998-4B6C-8889-F67622C7548A}.Release|iPhone.ActiveCfg = Release|x86
		{219442D0-7998-4B6C-8889-F67622C7548A}.Release|iPhoneSimulator.ActiveCfg = Release|x86
		{219442D0-7998-4B6C-8889-F67622C7548A}.Release|x64.ActiveCfg = Release|x64
		{219442D0-7998-4B6C-8889-F67622C7548A}.Release|x64.Build.0 = Release|x64
		{219442D0-7998-4B6C-8889-F67622C7548A}.Release|x64.Deploy.0 = Release|x64
		{219442D0-7998-4B6C-8889-F67622C7548A}.Release|x86.ActiveCfg = Release|x86
		{219442D0-7998-4B6C-8889-F67622C7548A}.Release|x86.Build.0 = Release|x86
		{219442D0-7998-4B6C-8889-F67622C7548A}.Release|x86.Deploy.0 = Release|x86
		{87277702-34FC-481E-A1C8-A9559EFDCEB1}.Ad-Hoc|Any CPU.ActiveCfg = Release|Any CPU
		{87277702-34FC-481E-A1C8-A9559EFDCEB1}.Ad-Hoc|Any CPU.Build.0 = Release|Any CPU
		{87277702-34FC-481E-A1C8-A9559EFDCEB1}.Ad-Hoc|Any CPU.Deploy.0 = Release|Any CPU
		{87277702-34FC-481E-A1C8-A9559EFDCEB1}.Ad-Hoc|ARM.ActiveCfg = Release|Any CPU
		{87277702-34FC-481E-A1C8-A9559EFDCEB1}.Ad-Hoc|ARM.Build.0 = Release|Any CPU
		{87277702-34FC-481E-A1C8-A9559EFDCEB1}.Ad-Hoc|ARM.Deploy.0 = Release|Any CPU
		{87277702-34FC-481E-A1C8-A9559EFDCEB1}.Ad-Hoc|iPhone.ActiveCfg = Release|Any CPU
		{87277702-34FC-481E-A1C8-A9559EFDCEB1}.Ad-Hoc|iPhone.Build.0 = Release|Any CPU
		{87277702-34FC-481E-A1C8-A9559EFDCEB1}.Ad-Hoc|iPhone.Deploy.0 = Release|Any CPU
		{87277702-34FC-481E-A1C8-A9559EFDCEB1}.Ad-Hoc|iPhoneSimulator.ActiveCfg = Release|Any CPU
		{87277702-34FC-481E-A1C8-A9559EFDCEB1}.Ad-Hoc|iPhoneSimulator.Build.0 = Release|Any CPU
		{87277702-34FC-481E-A1C8-A9559EFDCEB1}.Ad-Hoc|iPhoneSimulator.Deploy.0 = Release|Any CPU
		{87277702-34FC-481E-A1C8-A9559EFDCEB1}.Ad-Hoc|x64.ActiveCfg = Release|Any CPU
		{87277702-34FC-481E-A1C8-A9559EFDCEB1}.Ad-Hoc|x64.Build.0 = Release|Any CPU
		{87277702-34FC-481E-A1C8-A9559EFDCEB1}.Ad-Hoc|x64.Deploy.0 = Release|Any CPU
		{87277702-34FC-481E-A1C8-A9559EFDCEB1}.Ad-Hoc|x86.ActiveCfg = Release|Any CPU
		{87277702-34FC-481E-A1C8-A9559EFDCEB1}.Ad-Hoc|x86.Build.0 = Release|Any CPU
		{87277702-34FC-481E-A1C8-A9559EFDCEB1}.Ad-Hoc|x86.Deploy.0 = Release|Any CPU
		{87277702-34FC-481E-A1C8-A9559EFDCEB1}.AppStore|Any CPU.ActiveCfg = Release|Any CPU
		{87277702-34FC-481E-A1C8-A9559EFDCEB1}.AppStore|Any CPU.Build.0 = Release|Any CPU
		{87277702-34FC-481E-A1C8-A9559EFDCEB1}.AppStore|Any CPU.Deploy.0 = Release|Any CPU
		{87277702-34FC-481E-A1C8-A9559EFDCEB1}.AppStore|ARM.ActiveCfg = Release|Any CPU
		{87277702-34FC-481E-A1C8-A9559EFDCEB1}.AppStore|ARM.Build.0 = Release|Any CPU
		{87277702-34FC-481E-A1C8-A9559EFDCEB1}.AppStore|ARM.Deploy.0 = Release|Any CPU
		{87277702-34FC-481E-A1C8-A9559EFDCEB1}.AppStore|iPhone.ActiveCfg = Release|Any CPU
		{87277702-34FC-481E-A1C8-A9559EFDCEB1}.AppStore|iPhone.Build.0 = Release|Any CPU
		{87277702-34FC-481E-A1C8-A9559EFDCEB1}.AppStore|iPhone.Deploy.0 = Release|Any CPU
		{87277702-34FC-481E-A1C8-A9559EFDCEB1}.AppStore|iPhoneSimulator.ActiveCfg = Release|Any CPU
		{87277702-34FC-481E-A1C8-A9559EFDCEB1}.AppStore|iPhoneSimulator.Build.0 = Release|Any CPU
		{87277702-34FC-481E-A1C8-A9559EFDCEB1}.AppStore|iPhoneSimulator.Deploy.0 = Release|Any CPU
		{87277702-34FC-481E-A1C8-A9559EFDCEB1}.AppStore|x64.ActiveCfg = Release|Any CPU
		{87277702-34FC-481E-A1C8-A9559EFDCEB1}.AppStore|x64.Build.0 = Release|Any CPU
		{87277702-34FC-481E-A1C8-A9559EFDCEB1}.AppStore|x64.Deploy.0 = Release|Any CPU
		{87277702-34FC-481E-A1C8-A9559EFDCEB1}.AppStore|x86.ActiveCfg = Release|Any CPU
		{87277702-34FC-481E-A1C8-A9559EFDCEB1}.AppStore|x86.Build.0 = Release|Any CPU
		{87277702-34FC-481E-A1C8-A9559EFDCEB1}.AppStore|x86.Deploy.0 = Release|Any CPU
		{87277702-34FC-481E-A1C8-A9559EFDCEB1}.Debug|Any CPU.ActiveCfg = Debug|Any CPU
		{87277702-34FC-481E-A1C8-A9559EFDCEB1}.Debug|Any CPU.Build.0 = Debug|Any CPU
		{87277702-34FC-481E-A1C8-A9559EFDCEB1}.Debug|Any CPU.Deploy.0 = Debug|Any CPU
		{87277702-34FC-481E-A1C8-A9559EFDCEB1}.Debug|ARM.ActiveCfg = Debug|Any CPU
		{87277702-34FC-481E-A1C8-A9559EFDCEB1}.Debug|ARM.Build.0 = Debug|Any CPU
		{87277702-34FC-481E-A1C8-A9559EFDCEB1}.Debug|ARM.Deploy.0 = Debug|Any CPU
		{87277702-34FC-481E-A1C8-A9559EFDCEB1}.Debug|iPhone.ActiveCfg = Debug|Any CPU
		{87277702-34FC-481E-A1C8-A9559EFDCEB1}.Debug|iPhone.Build.0 = Debug|Any CPU
		{87277702-34FC-481E-A1C8-A9559EFDCEB1}.Debug|iPhone.Deploy.0 = Debug|Any CPU
		{87277702-34FC-481E-A1C8-A9559EFDCEB1}.Debug|iPhoneSimulator.ActiveCfg = Debug|Any CPU
		{87277702-34FC-481E-A1C8-A9559EFDCEB1}.Debug|iPhoneSimulator.Build.0 = Debug|Any CPU
		{87277702-34FC-481E-A1C8-A9559EFDCEB1}.Debug|iPhoneSimulator.Deploy.0 = Debug|Any CPU
		{87277702-34FC-481E-A1C8-A9559EFDCEB1}.Debug|x64.ActiveCfg = Debug|Any CPU
		{87277702-34FC-481E-A1C8-A9559EFDCEB1}.Debug|x64.Build.0 = Debug|Any CPU
		{87277702-34FC-481E-A1C8-A9559EFDCEB1}.Debug|x64.Deploy.0 = Debug|Any CPU
		{87277702-34FC-481E-A1C8-A9559EFDCEB1}.Debug|x86.ActiveCfg = Debug|Any CPU
		{87277702-34FC-481E-A1C8-A9559EFDCEB1}.Debug|x86.Build.0 = Debug|Any CPU
		{87277702-34FC-481E-A1C8-A9559EFDCEB1}.Debug|x86.Deploy.0 = Debug|Any CPU
		{87277702-34FC-481E-A1C8-A9559EFDCEB1}.Release|Any CPU.ActiveCfg = Release|Any CPU
		{87277702-34FC-481E-A1C8-A9559EFDCEB1}.Release|Any CPU.Build.0 = Release|Any CPU
		{87277702-34FC-481E-A1C8-A9559EFDCEB1}.Release|Any CPU.Deploy.0 = Release|Any CPU
		{87277702-34FC-481E-A1C8-A9559EFDCEB1}.Release|ARM.ActiveCfg = Release|Any CPU
		{87277702-34FC-481E-A1C8-A9559EFDCEB1}.Release|ARM.Build.0 = Release|Any CPU
		{87277702-34FC-481E-A1C8-A9559EFDCEB1}.Release|ARM.Deploy.0 = Release|Any CPU
		{87277702-34FC-481E-A1C8-A9559EFDCEB1}.Release|iPhone.ActiveCfg = Release|Any CPU
		{87277702-34FC-481E-A1C8-A9559EFDCEB1}.Release|iPhone.Build.0 = Release|Any CPU
		{87277702-34FC-481E-A1C8-A9559EFDCEB1}.Release|iPhone.Deploy.0 = Release|Any CPU
		{87277702-34FC-481E-A1C8-A9559EFDCEB1}.Release|iPhoneSimulator.ActiveCfg = Release|Any CPU
		{87277702-34FC-481E-A1C8-A9559EFDCEB1}.Release|iPhoneSimulator.Build.0 = Release|Any CPU
		{87277702-34FC-481E-A1C8-A9559EFDCEB1}.Release|iPhoneSimulator.Deploy.0 = Release|Any CPU
		{87277702-34FC-481E-A1C8-A9559EFDCEB1}.Release|x64.ActiveCfg = Release|Any CPU
		{87277702-34FC-481E-A1C8-A9559EFDCEB1}.Release|x64.Build.0 = Release|Any CPU
		{87277702-34FC-481E-A1C8-A9559EFDCEB1}.Release|x64.Deploy.0 = Release|Any CPU
		{87277702-34FC-481E-A1C8-A9559EFDCEB1}.Release|x86.ActiveCfg = Release|Any CPU
		{87277702-34FC-481E-A1C8-A9559EFDCEB1}.Release|x86.Build.0 = Release|Any CPU
		{87277702-34FC-481E-A1C8-A9559EFDCEB1}.Release|x86.Deploy.0 = Release|Any CPU
		{B234DF09-3E90-46F0-AEFB-0CFC79E79A49}.Ad-Hoc|Any CPU.ActiveCfg = Release|iPhone
		{B234DF09-3E90-46F0-AEFB-0CFC79E79A49}.Ad-Hoc|Any CPU.Build.0 = Release|iPhone
		{B234DF09-3E90-46F0-AEFB-0CFC79E79A49}.Ad-Hoc|ARM.ActiveCfg = Release|iPhone
		{B234DF09-3E90-46F0-AEFB-0CFC79E79A49}.Ad-Hoc|ARM.Build.0 = Release|iPhone
		{B234DF09-3E90-46F0-AEFB-0CFC79E79A49}.Ad-Hoc|iPhone.ActiveCfg = Release|iPhone
		{B234DF09-3E90-46F0-AEFB-0CFC79E79A49}.Ad-Hoc|iPhone.Build.0 = Release|iPhone
		{B234DF09-3E90-46F0-AEFB-0CFC79E79A49}.Ad-Hoc|iPhoneSimulator.ActiveCfg = Release|iPhoneSimulator
		{B234DF09-3E90-46F0-AEFB-0CFC79E79A49}.Ad-Hoc|iPhoneSimulator.Build.0 = Release|iPhoneSimulator
		{B234DF09-3E90-46F0-AEFB-0CFC79E79A49}.Ad-Hoc|x64.ActiveCfg = Release|iPhone
		{B234DF09-3E90-46F0-AEFB-0CFC79E79A49}.Ad-Hoc|x64.Build.0 = Release|iPhone
		{B234DF09-3E90-46F0-AEFB-0CFC79E79A49}.Ad-Hoc|x86.ActiveCfg = Release|iPhone
		{B234DF09-3E90-46F0-AEFB-0CFC79E79A49}.Ad-Hoc|x86.Build.0 = Release|iPhone
		{B234DF09-3E90-46F0-AEFB-0CFC79E79A49}.AppStore|Any CPU.ActiveCfg = Release|iPhone
		{B234DF09-3E90-46F0-AEFB-0CFC79E79A49}.AppStore|Any CPU.Build.0 = Release|iPhone
		{B234DF09-3E90-46F0-AEFB-0CFC79E79A49}.AppStore|ARM.ActiveCfg = Release|iPhone
		{B234DF09-3E90-46F0-AEFB-0CFC79E79A49}.AppStore|ARM.Build.0 = Release|iPhone
		{B234DF09-3E90-46F0-AEFB-0CFC79E79A49}.AppStore|iPhone.ActiveCfg = Release|iPhone
		{B234DF09-3E90-46F0-AEFB-0CFC79E79A49}.AppStore|iPhone.Build.0 = Release|iPhone
		{B234DF09-3E90-46F0-AEFB-0CFC79E79A49}.AppStore|iPhoneSimulator.ActiveCfg = Release|iPhoneSimulator
		{B234DF09-3E90-46F0-AEFB-0CFC79E79A49}.AppStore|iPhoneSimulator.Build.0 = Release|iPhoneSimulator
		{B234DF09-3E90-46F0-AEFB-0CFC79E79A49}.AppStore|x64.ActiveCfg = Release|iPhone
		{B234DF09-3E90-46F0-AEFB-0CFC79E79A49}.AppStore|x64.Build.0 = Release|iPhone
		{B234DF09-3E90-46F0-AEFB-0CFC79E79A49}.AppStore|x86.ActiveCfg = Release|iPhone
		{B234DF09-3E90-46F0-AEFB-0CFC79E79A49}.AppStore|x86.Build.0 = Release|iPhone
		{B234DF09-3E90-46F0-AEFB-0CFC79E79A49}.Debug|Any CPU.ActiveCfg = Debug|iPhone
		{B234DF09-3E90-46F0-AEFB-0CFC79E79A49}.Debug|ARM.ActiveCfg = Debug|iPhone
		{B234DF09-3E90-46F0-AEFB-0CFC79E79A49}.Debug|iPhone.ActiveCfg = Debug|iPhone
		{B234DF09-3E90-46F0-AEFB-0CFC79E79A49}.Debug|iPhone.Build.0 = Debug|iPhone
		{B234DF09-3E90-46F0-AEFB-0CFC79E79A49}.Debug|iPhoneSimulator.ActiveCfg = Debug|iPhoneSimulator
		{B234DF09-3E90-46F0-AEFB-0CFC79E79A49}.Debug|iPhoneSimulator.Build.0 = Debug|iPhoneSimulator
		{B234DF09-3E90-46F0-AEFB-0CFC79E79A49}.Debug|x64.ActiveCfg = Debug|iPhone
		{B234DF09-3E90-46F0-AEFB-0CFC79E79A49}.Debug|x86.ActiveCfg = Debug|iPhone
		{B234DF09-3E90-46F0-AEFB-0CFC79E79A49}.Release|Any CPU.ActiveCfg = Release|iPhone
		{B234DF09-3E90-46F0-AEFB-0CFC79E79A49}.Release|ARM.ActiveCfg = Release|iPhone
		{B234DF09-3E90-46F0-AEFB-0CFC79E79A49}.Release|iPhone.ActiveCfg = Release|iPhone
		{B234DF09-3E90-46F0-AEFB-0CFC79E79A49}.Release|iPhone.Build.0 = Release|iPhone
		{B234DF09-3E90-46F0-AEFB-0CFC79E79A49}.Release|iPhoneSimulator.ActiveCfg = Release|iPhoneSimulator
		{B234DF09-3E90-46F0-AEFB-0CFC79E79A49}.Release|iPhoneSimulator.Build.0 = Release|iPhoneSimulator
		{B234DF09-3E90-46F0-AEFB-0CFC79E79A49}.Release|x64.ActiveCfg = Release|iPhone
		{B234DF09-3E90-46F0-AEFB-0CFC79E79A49}.Release|x86.ActiveCfg = Release|iPhone
		{8DEB6B75-A043-47ED-AE67-01DA737EDB5A}.Ad-Hoc|Any CPU.ActiveCfg = Debug|Any CPU
		{8DEB6B75-A043-47ED-AE67-01DA737EDB5A}.Ad-Hoc|Any CPU.Build.0 = Debug|Any CPU
		{8DEB6B75-A043-47ED-AE67-01DA737EDB5A}.Ad-Hoc|ARM.ActiveCfg = Debug|Any CPU
		{8DEB6B75-A043-47ED-AE67-01DA737EDB5A}.Ad-Hoc|ARM.Build.0 = Debug|Any CPU
		{8DEB6B75-A043-47ED-AE67-01DA737EDB5A}.Ad-Hoc|iPhone.ActiveCfg = Debug|Any CPU
		{8DEB6B75-A043-47ED-AE67-01DA737EDB5A}.Ad-Hoc|iPhone.Build.0 = Debug|Any CPU
		{8DEB6B75-A043-47ED-AE67-01DA737EDB5A}.Ad-Hoc|iPhoneSimulator.ActiveCfg = Debug|Any CPU
		{8DEB6B75-A043-47ED-AE67-01DA737EDB5A}.Ad-Hoc|iPhoneSimulator.Build.0 = Debug|Any CPU
		{8DEB6B75-A043-47ED-AE67-01DA737EDB5A}.Ad-Hoc|x64.ActiveCfg = Debug|Any CPU
		{8DEB6B75-A043-47ED-AE67-01DA737EDB5A}.Ad-Hoc|x64.Build.0 = Debug|Any CPU
		{8DEB6B75-A043-47ED-AE67-01DA737EDB5A}.Ad-Hoc|x86.ActiveCfg = Debug|Any CPU
		{8DEB6B75-A043-47ED-AE67-01DA737EDB5A}.Ad-Hoc|x86.Build.0 = Debug|Any CPU
		{8DEB6B75-A043-47ED-AE67-01DA737EDB5A}.AppStore|Any CPU.ActiveCfg = Debug|Any CPU
		{8DEB6B75-A043-47ED-AE67-01DA737EDB5A}.AppStore|Any CPU.Build.0 = Debug|Any CPU
		{8DEB6B75-A043-47ED-AE67-01DA737EDB5A}.AppStore|ARM.ActiveCfg = Debug|Any CPU
		{8DEB6B75-A043-47ED-AE67-01DA737EDB5A}.AppStore|ARM.Build.0 = Debug|Any CPU
		{8DEB6B75-A043-47ED-AE67-01DA737EDB5A}.AppStore|iPhone.ActiveCfg = Debug|Any CPU
		{8DEB6B75-A043-47ED-AE67-01DA737EDB5A}.AppStore|iPhone.Build.0 = Debug|Any CPU
		{8DEB6B75-A043-47ED-AE67-01DA737EDB5A}.AppStore|iPhoneSimulator.ActiveCfg = Debug|Any CPU
		{8DEB6B75-A043-47ED-AE67-01DA737EDB5A}.AppStore|iPhoneSimulator.Build.0 = Debug|Any CPU
		{8DEB6B75-A043-47ED-AE67-01DA737EDB5A}.AppStore|x64.ActiveCfg = Debug|Any CPU
		{8DEB6B75-A043-47ED-AE67-01DA737EDB5A}.AppStore|x64.Build.0 = Debug|Any CPU
		{8DEB6B75-A043-47ED-AE67-01DA737EDB5A}.AppStore|x86.ActiveCfg = Debug|Any CPU
		{8DEB6B75-A043-47ED-AE67-01DA737EDB5A}.AppStore|x86.Build.0 = Debug|Any CPU
		{8DEB6B75-A043-47ED-AE67-01DA737EDB5A}.Debug|Any CPU.ActiveCfg = Debug|Any CPU
		{8DEB6B75-A043-47ED-AE67-01DA737EDB5A}.Debug|Any CPU.Build.0 = Debug|Any CPU
		{8DEB6B75-A043-47ED-AE67-01DA737EDB5A}.Debug|ARM.ActiveCfg = Debug|Any CPU
		{8DEB6B75-A043-47ED-AE67-01DA737EDB5A}.Debug|ARM.Build.0 = Debug|Any CPU
		{8DEB6B75-A043-47ED-AE67-01DA737EDB5A}.Debug|iPhone.ActiveCfg = Debug|Any CPU
		{8DEB6B75-A043-47ED-AE67-01DA737EDB5A}.Debug|iPhone.Build.0 = Debug|Any CPU
		{8DEB6B75-A043-47ED-AE67-01DA737EDB5A}.Debug|iPhoneSimulator.ActiveCfg = Debug|Any CPU
		{8DEB6B75-A043-47ED-AE67-01DA737EDB5A}.Debug|iPhoneSimulator.Build.0 = Debug|Any CPU
		{8DEB6B75-A043-47ED-AE67-01DA737EDB5A}.Debug|x64.ActiveCfg = Debug|Any CPU
		{8DEB6B75-A043-47ED-AE67-01DA737EDB5A}.Debug|x64.Build.0 = Debug|Any CPU
		{8DEB6B75-A043-47ED-AE67-01DA737EDB5A}.Debug|x86.ActiveCfg = Debug|Any CPU
		{8DEB6B75-A043-47ED-AE67-01DA737EDB5A}.Debug|x86.Build.0 = Debug|Any CPU
		{8DEB6B75-A043-47ED-AE67-01DA737EDB5A}.Release|Any CPU.ActiveCfg = Release|Any CPU
		{8DEB6B75-A043-47ED-AE67-01DA737EDB5A}.Release|Any CPU.Build.0 = Release|Any CPU
		{8DEB6B75-A043-47ED-AE67-01DA737EDB5A}.Release|ARM.ActiveCfg = Release|Any CPU
		{8DEB6B75-A043-47ED-AE67-01DA737EDB5A}.Release|ARM.Build.0 = Release|Any CPU
		{8DEB6B75-A043-47ED-AE67-01DA737EDB5A}.Release|iPhone.ActiveCfg = Release|Any CPU
		{8DEB6B75-A043-47ED-AE67-01DA737EDB5A}.Release|iPhone.Build.0 = Release|Any CPU
		{8DEB6B75-A043-47ED-AE67-01DA737EDB5A}.Release|iPhoneSimulator.ActiveCfg = Release|Any CPU
		{8DEB6B75-A043-47ED-AE67-01DA737EDB5A}.Release|iPhoneSimulator.Build.0 = Release|Any CPU
		{8DEB6B75-A043-47ED-AE67-01DA737EDB5A}.Release|x64.ActiveCfg = Release|Any CPU
		{8DEB6B75-A043-47ED-AE67-01DA737EDB5A}.Release|x64.Build.0 = Release|Any CPU
		{8DEB6B75-A043-47ED-AE67-01DA737EDB5A}.Release|x86.ActiveCfg = Release|Any CPU
		{8DEB6B75-A043-47ED-AE67-01DA737EDB5A}.Release|x86.Build.0 = Release|Any CPU
	EndGlobalSection
	GlobalSection(SolutionProperties) = preSolution
		HideSolutionNode = FALSE
	EndGlobalSection
	GlobalSection(NestedProjects) = preSolution
		{CE00EF71-72BD-4E72-BF58-EC899AA1B99D} = {95F294A9-B8A9-495D-B43B-897E27489BA8}
		{9BAFB7A6-27A4-4684-BE69-27B1E23F95F4} = {95F294A9-B8A9-495D-B43B-897E27489BA8}
		{219442D0-7998-4B6C-8889-F67622C7548A} = {9BAFB7A6-27A4-4684-BE69-27B1E23F95F4}
		{87277702-34FC-481E-A1C8-A9559EFDCEB1} = {9BAFB7A6-27A4-4684-BE69-27B1E23F95F4}
		{B234DF09-3E90-46F0-AEFB-0CFC79E79A49} = {9BAFB7A6-27A4-4684-BE69-27B1E23F95F4}
		{8DEB6B75-A043-47ED-AE67-01DA737EDB5A} = {9BAFB7A6-27A4-4684-BE69-27B1E23F95F4}
	EndGlobalSection
	GlobalSection(ExtensibilityGlobals) = postSolution
		SolutionGuid = {4EB7B392-233E-4234-9F22-1950A43737A7}
	EndGlobalSection
EndGlobal
